// !$*UTF8*$!
{
	archiveVersion = 1;
	classes = {
	};
	objectVersion = 50;
	objects = {

/* Begin PBXBuildFile section */
		E750366322D0CE8700905A3B /* Add.storyboard in Resources */ = {isa = PBXBuildFile; fileRef = E750366222D0CE8700905A3B /* Add.storyboard */; };
		E750366522D0CEBE00905A3B /* AddViewController.swift in Sources */ = {isa = PBXBuildFile; fileRef = E750366422D0CEBE00905A3B /* AddViewController.swift */; };
		E750366722D0CEDF00905A3B /* AddViewModel.swift in Sources */ = {isa = PBXBuildFile; fileRef = E750366622D0CEDF00905A3B /* AddViewModel.swift */; };
		E750366922D0CEF500905A3B /* AddViewModelType.swift in Sources */ = {isa = PBXBuildFile; fileRef = E750366822D0CEF500905A3B /* AddViewModelType.swift */; };
		E750366B22D0CF0A00905A3B /* MyPage.storyboard in Resources */ = {isa = PBXBuildFile; fileRef = E750366A22D0CF0A00905A3B /* MyPage.storyboard */; };
		E750366D22D0CF3100905A3B /* MyPageViewController.swift in Sources */ = {isa = PBXBuildFile; fileRef = E750366C22D0CF3100905A3B /* MyPageViewController.swift */; };
		E750366F22D0CF5300905A3B /* MyPageViewModel.swift in Sources */ = {isa = PBXBuildFile; fileRef = E750366E22D0CF5300905A3B /* MyPageViewModel.swift */; };
		E750367122D0CF6300905A3B /* MyPageViewModelType.swift in Sources */ = {isa = PBXBuildFile; fileRef = E750367022D0CF6300905A3B /* MyPageViewModelType.swift */; };
		E750367322D0CF9100905A3B /* SignIn.storyboard in Resources */ = {isa = PBXBuildFile; fileRef = E750367222D0CF9100905A3B /* SignIn.storyboard */; };
		E750367522D0CFA400905A3B /* SignInViewController.swift in Sources */ = {isa = PBXBuildFile; fileRef = E750367422D0CFA400905A3B /* SignInViewController.swift */; };
		E750367722D0CFD500905A3B /* SignInViewModel.swift in Sources */ = {isa = PBXBuildFile; fileRef = E750367622D0CFD500905A3B /* SignInViewModel.swift */; };
		E750367922D0D01400905A3B /* SignInViewModelType.swift in Sources */ = {isa = PBXBuildFile; fileRef = E750367822D0D01400905A3B /* SignInViewModelType.swift */; };
		E750367B22D0D02600905A3B /* SignUp.storyboard in Resources */ = {isa = PBXBuildFile; fileRef = E750367A22D0D02600905A3B /* SignUp.storyboard */; };
		E750367D22D0D03E00905A3B /* SignUpViewController.swift in Sources */ = {isa = PBXBuildFile; fileRef = E750367C22D0D03E00905A3B /* SignUpViewController.swift */; };
		E750367F22D0D04F00905A3B /* SignUpViewModel.swift in Sources */ = {isa = PBXBuildFile; fileRef = E750367E22D0D04F00905A3B /* SignUpViewModel.swift */; };
		E750368122D0D06200905A3B /* SignUpViewModelType.swift in Sources */ = {isa = PBXBuildFile; fileRef = E750368022D0D06200905A3B /* SignUpViewModelType.swift */; };
		E750368322D0D13300905A3B /* ToDo.storyboard in Resources */ = {isa = PBXBuildFile; fileRef = E750368222D0D13300905A3B /* ToDo.storyboard */; };
		E750368522D0D14400905A3B /* ToDoViewController.swift in Sources */ = {isa = PBXBuildFile; fileRef = E750368422D0D14400905A3B /* ToDoViewController.swift */; };
		E750368722D0D15700905A3B /* ToDoViewModel.swift in Sources */ = {isa = PBXBuildFile; fileRef = E750368622D0D15700905A3B /* ToDoViewModel.swift */; };
		E750368922D0D16B00905A3B /* ToDoViewModelType.swift in Sources */ = {isa = PBXBuildFile; fileRef = E750368822D0D16B00905A3B /* ToDoViewModelType.swift */; };
		E750368C22D0D26700905A3B /* TabBar.storyboard in Resources */ = {isa = PBXBuildFile; fileRef = E750368B22D0D26700905A3B /* TabBar.storyboard */; };
		E7679C5522C7AD22000DF77B /* AppDelegate.swift in Sources */ = {isa = PBXBuildFile; fileRef = E7679C5422C7AD22000DF77B /* AppDelegate.swift */; };
		E7679C5C22C7AD23000DF77B /* Assets.xcassets in Resources */ = {isa = PBXBuildFile; fileRef = E7679C5B22C7AD23000DF77B /* Assets.xcassets */; };
		E7679C5F22C7AD23000DF77B /* LaunchScreen.storyboard in Resources */ = {isa = PBXBuildFile; fileRef = E7679C5D22C7AD23000DF77B /* LaunchScreen.storyboard */; };
/* End PBXBuildFile section */

/* Begin PBXFileReference section */
		E750366222D0CE8700905A3B /* Add.storyboard */ = {isa = PBXFileReference; lastKnownFileType = file.storyboard; path = Add.storyboard; sourceTree = "<group>"; };
		E750366422D0CEBE00905A3B /* AddViewController.swift */ = {isa = PBXFileReference; lastKnownFileType = sourcecode.swift; path = AddViewController.swift; sourceTree = "<group>"; };
		E750366622D0CEDF00905A3B /* AddViewModel.swift */ = {isa = PBXFileReference; lastKnownFileType = sourcecode.swift; path = AddViewModel.swift; sourceTree = "<group>"; };
		E750366822D0CEF500905A3B /* AddViewModelType.swift */ = {isa = PBXFileReference; lastKnownFileType = sourcecode.swift; path = AddViewModelType.swift; sourceTree = "<group>"; };
		E750366A22D0CF0A00905A3B /* MyPage.storyboard */ = {isa = PBXFileReference; lastKnownFileType = file.storyboard; path = MyPage.storyboard; sourceTree = "<group>"; };
		E750366C22D0CF3100905A3B /* MyPageViewController.swift */ = {isa = PBXFileReference; lastKnownFileType = sourcecode.swift; path = MyPageViewController.swift; sourceTree = "<group>"; };
		E750366E22D0CF5300905A3B /* MyPageViewModel.swift */ = {isa = PBXFileReference; lastKnownFileType = sourcecode.swift; path = MyPageViewModel.swift; sourceTree = "<group>"; };
		E750367022D0CF6300905A3B /* MyPageViewModelType.swift */ = {isa = PBXFileReference; lastKnownFileType = sourcecode.swift; path = MyPageViewModelType.swift; sourceTree = "<group>"; };
		E750367222D0CF9100905A3B /* SignIn.storyboard */ = {isa = PBXFileReference; lastKnownFileType = file.storyboard; path = SignIn.storyboard; sourceTree = "<group>"; };
		E750367422D0CFA400905A3B /* SignInViewController.swift */ = {isa = PBXFileReference; lastKnownFileType = sourcecode.swift; path = SignInViewController.swift; sourceTree = "<group>"; };
		E750367622D0CFD500905A3B /* SignInViewModel.swift */ = {isa = PBXFileReference; lastKnownFileType = sourcecode.swift; path = SignInViewModel.swift; sourceTree = "<group>"; };
		E750367822D0D01400905A3B /* SignInViewModelType.swift */ = {isa = PBXFileReference; lastKnownFileType = sourcecode.swift; path = SignInViewModelType.swift; sourceTree = "<group>"; };
		E750367A22D0D02600905A3B /* SignUp.storyboard */ = {isa = PBXFileReference; lastKnownFileType = file.storyboard; path = SignUp.storyboard; sourceTree = "<group>"; };
		E750367C22D0D03E00905A3B /* SignUpViewController.swift */ = {isa = PBXFileReference; lastKnownFileType = sourcecode.swift; path = SignUpViewController.swift; sourceTree = "<group>"; };
		E750367E22D0D04F00905A3B /* SignUpViewModel.swift */ = {isa = PBXFileReference; lastKnownFileType = sourcecode.swift; path = SignUpViewModel.swift; sourceTree = "<group>"; };
		E750368022D0D06200905A3B /* SignUpViewModelType.swift */ = {isa = PBXFileReference; lastKnownFileType = sourcecode.swift; path = SignUpViewModelType.swift; sourceTree = "<group>"; };
		E750368222D0D13300905A3B /* ToDo.storyboard */ = {isa = PBXFileReference; lastKnownFileType = file.storyboard; path = ToDo.storyboard; sourceTree = "<group>"; };
		E750368422D0D14400905A3B /* ToDoViewController.swift */ = {isa = PBXFileReference; lastKnownFileType = sourcecode.swift; path = ToDoViewController.swift; sourceTree = "<group>"; };
		E750368622D0D15700905A3B /* ToDoViewModel.swift */ = {isa = PBXFileReference; lastKnownFileType = sourcecode.swift; path = ToDoViewModel.swift; sourceTree = "<group>"; };
		E750368822D0D16B00905A3B /* ToDoViewModelType.swift */ = {isa = PBXFileReference; lastKnownFileType = sourcecode.swift; path = ToDoViewModelType.swift; sourceTree = "<group>"; };
		E750368B22D0D26700905A3B /* TabBar.storyboard */ = {isa = PBXFileReference; lastKnownFileType = file.storyboard; path = TabBar.storyboard; sourceTree = "<group>"; };
		E7679C5122C7AD22000DF77B /* ToDo-CleanArchitecture-RxSwift.app */ = {isa = PBXFileReference; explicitFileType = wrapper.application; includeInIndex = 0; path = "ToDo-CleanArchitecture-RxSwift.app"; sourceTree = BUILT_PRODUCTS_DIR; };
		E7679C5422C7AD22000DF77B /* AppDelegate.swift */ = {isa = PBXFileReference; lastKnownFileType = sourcecode.swift; path = AppDelegate.swift; sourceTree = "<group>"; };
		E7679C5B22C7AD23000DF77B /* Assets.xcassets */ = {isa = PBXFileReference; lastKnownFileType = folder.assetcatalog; path = Assets.xcassets; sourceTree = "<group>"; };
		E7679C5E22C7AD23000DF77B /* Base */ = {isa = PBXFileReference; lastKnownFileType = file.storyboard; name = Base; path = Base.lproj/LaunchScreen.storyboard; sourceTree = "<group>"; };
		E7679C6022C7AD23000DF77B /* Info.plist */ = {isa = PBXFileReference; lastKnownFileType = text.plist.xml; path = Info.plist; sourceTree = "<group>"; };
/* End PBXFileReference section */

/* Begin PBXFrameworksBuildPhase section */
		E7679C4E22C7AD22000DF77B /* Frameworks */ = {
			isa = PBXFrameworksBuildPhase;
			buildActionMask = 2147483647;
			files = (
			);
			runOnlyForDeploymentPostprocessing = 0;
		};
/* End PBXFrameworksBuildPhase section */

/* Begin PBXGroup section */
		E750364022D0C9A600905A3B /* Presenter */ = {
			isa = PBXGroup;
			children = (
				E750368A22D0D20700905A3B /* TabBar */,
				E750364A22D0CB0E00905A3B /* Launch */,
				E750364822D0CAC900905A3B /* Add */,
				E750364922D0CAD700905A3B /* MyPage */,
				E750364522D0CA8E00905A3B /* SignIn */,
				E750364622D0CA9A00905A3B /* SignUp */,
				E750364722D0CAAE00905A3B /* ToDo */,
			);
			path = Presenter;
			sourceTree = "<group>";
		};
		E750364122D0C9C000905A3B /* Domain */ = {
			isa = PBXGroup;
			children = (
				E750365422D0CCE600905A3B /* Model */,
				E750364F22D0CBD100905A3B /* Transition */,
				E750364E22D0CBC200905A3B /* Usecase */,
			);
			path = Domain;
			sourceTree = "<group>";
		};
		E750364222D0C9CD00905A3B /* Data */ = {
			isa = PBXGroup;
			children = (
				E750365322D0CC4D00905A3B /* Repository */,
				E750364B22D0CB4B00905A3B /* API */,
			);
			path = Data;
			sourceTree = "<group>";
		};
		E750364322D0C9F700905A3B /* Resource */ = {
			isa = PBXGroup;
			children = (
				E7679C5B22C7AD23000DF77B /* Assets.xcassets */,
				E7679C6022C7AD23000DF77B /* Info.plist */,
			);
			path = Resource;
			sourceTree = "<group>";
		};
		E750364422D0CA5400905A3B /* Router */ = {
			isa = PBXGroup;
			children = (
			);
			path = Router;
			sourceTree = "<group>";
		};
		E750364522D0CA8E00905A3B /* SignIn */ = {
			isa = PBXGroup;
			children = (
				E750365C22D0CDE000905A3B /* View */,
				E750365D22D0CDE000905A3B /* ViewModel */,
			);
			path = SignIn;
			sourceTree = "<group>";
		};
		E750364622D0CA9A00905A3B /* SignUp */ = {
			isa = PBXGroup;
			children = (
				E750365E22D0CDE300905A3B /* View */,
				E750365F22D0CDE300905A3B /* ViewModel */,
			);
			path = SignUp;
			sourceTree = "<group>";
		};
		E750364722D0CAAE00905A3B /* ToDo */ = {
			isa = PBXGroup;
			children = (
				E750365722D0CD7800905A3B /* View */,
				E750365822D0CD8100905A3B /* ViewModel */,
			);
			path = ToDo;
			sourceTree = "<group>";
		};
		E750364822D0CAC900905A3B /* Add */ = {
			isa = PBXGroup;
			children = (
				E750366122D0CDEF00905A3B /* View */,
				E750366022D0CDEF00905A3B /* ViewModel */,
			);
			path = Add;
			sourceTree = "<group>";
		};
		E750364922D0CAD700905A3B /* MyPage */ = {
			isa = PBXGroup;
			children = (
				E750365B22D0CDD800905A3B /* View */,
				E750365922D0CDD100905A3B /* ViewModel */,
			);
			path = MyPage;
			sourceTree = "<group>";
		};
		E750364A22D0CB0E00905A3B /* Launch */ = {
			isa = PBXGroup;
			children = (
				E7679C5D22C7AD23000DF77B /* LaunchScreen.storyboard */,
			);
			path = Launch;
			sourceTree = "<group>";
		};
		E750364B22D0CB4B00905A3B /* API */ = {
			isa = PBXGroup;
			children = (
				E750364C22D0CB5F00905A3B /* Request */,
				E750364D22D0CB6E00905A3B /* Response */,
			);
			path = API;
			sourceTree = "<group>";
		};
		E750364C22D0CB5F00905A3B /* Request */ = {
			isa = PBXGroup;
			children = (
			);
			path = Request;
			sourceTree = "<group>";
		};
		E750364D22D0CB6E00905A3B /* Response */ = {
			isa = PBXGroup;
			children = (
			);
			path = Response;
			sourceTree = "<group>";
		};
		E750364E22D0CBC200905A3B /* Usecase */ = {
			isa = PBXGroup;
			children = (
			);
			path = Usecase;
			sourceTree = "<group>";
		};
		E750364F22D0CBD100905A3B /* Transition */ = {
			isa = PBXGroup;
			children = (
			);
			path = Transition;
			sourceTree = "<group>";
		};
		E750365022D0CBF200905A3B /* Entity */ = {
			isa = PBXGroup;
			children = (
			);
			path = Entity;
			sourceTree = "<group>";
		};
		E750365122D0CC1000905A3B /* Util */ = {
			isa = PBXGroup;
			children = (
				E750365622D0CD1500905A3B /* Delegate */,
				E750365222D0CC3100905A3B /* Extension */,
			);
			path = Util;
			sourceTree = "<group>";
		};
		E750365222D0CC3100905A3B /* Extension */ = {
			isa = PBXGroup;
			children = (
			);
			path = Extension;
			sourceTree = "<group>";
		};
		E750365322D0CC4D00905A3B /* Repository */ = {
			isa = PBXGroup;
			children = (
			);
			path = Repository;
			sourceTree = "<group>";
		};
		E750365422D0CCE600905A3B /* Model */ = {
			isa = PBXGroup;
			children = (
			);
			path = Model;
			sourceTree = "<group>";
		};
		E750365522D0CD0C00905A3B /* Error */ = {
			isa = PBXGroup;
			children = (
			);
			path = Error;
			sourceTree = "<group>";
		};
		E750365622D0CD1500905A3B /* Delegate */ = {
			isa = PBXGroup;
			children = (
			);
			path = Delegate;
			sourceTree = "<group>";
		};
		E750365722D0CD7800905A3B /* View */ = {
			isa = PBXGroup;
			children = (
				E750368222D0D13300905A3B /* ToDo.storyboard */,
				E750368422D0D14400905A3B /* ToDoViewController.swift */,
			);
			path = View;
			sourceTree = "<group>";
		};
		E750365822D0CD8100905A3B /* ViewModel */ = {
			isa = PBXGroup;
			children = (
				E750368622D0D15700905A3B /* ToDoViewModel.swift */,
				E750368822D0D16B00905A3B /* ToDoViewModelType.swift */,
			);
			path = ViewModel;
			sourceTree = "<group>";
		};
		E750365922D0CDD100905A3B /* ViewModel */ = {
			isa = PBXGroup;
			children = (
				E750366E22D0CF5300905A3B /* MyPageViewModel.swift */,
				E750367022D0CF6300905A3B /* MyPageViewModelType.swift */,
			);
			path = ViewModel;
			sourceTree = "<group>";
		};
		E750365B22D0CDD800905A3B /* View */ = {
			isa = PBXGroup;
			children = (
				E750366A22D0CF0A00905A3B /* MyPage.storyboard */,
				E750366C22D0CF3100905A3B /* MyPageViewController.swift */,
			);
			path = View;
			sourceTree = "<group>";
		};
		E750365C22D0CDE000905A3B /* View */ = {
			isa = PBXGroup;
			children = (
				E750367222D0CF9100905A3B /* SignIn.storyboard */,
				E750367422D0CFA400905A3B /* SignInViewController.swift */,
			);
			path = View;
			sourceTree = "<group>";
		};
		E750365D22D0CDE000905A3B /* ViewModel */ = {
			isa = PBXGroup;
			children = (
				E750367622D0CFD500905A3B /* SignInViewModel.swift */,
				E750367822D0D01400905A3B /* SignInViewModelType.swift */,
			);
			path = ViewModel;
			sourceTree = "<group>";
		};
		E750365E22D0CDE300905A3B /* View */ = {
			isa = PBXGroup;
			children = (
				E750367A22D0D02600905A3B /* SignUp.storyboard */,
				E750367C22D0D03E00905A3B /* SignUpViewController.swift */,
			);
			path = View;
			sourceTree = "<group>";
		};
		E750365F22D0CDE300905A3B /* ViewModel */ = {
			isa = PBXGroup;
			children = (
				E750367E22D0D04F00905A3B /* SignUpViewModel.swift */,
				E750368022D0D06200905A3B /* SignUpViewModelType.swift */,
			);
			path = ViewModel;
			sourceTree = "<group>";
		};
		E750366022D0CDEF00905A3B /* ViewModel */ = {
			isa = PBXGroup;
			children = (
				E750366622D0CEDF00905A3B /* AddViewModel.swift */,
				E750366822D0CEF500905A3B /* AddViewModelType.swift */,
			);
			path = ViewModel;
			sourceTree = "<group>";
		};
		E750366122D0CDEF00905A3B /* View */ = {
			isa = PBXGroup;
			children = (
				E750366222D0CE8700905A3B /* Add.storyboard */,
				E750366422D0CEBE00905A3B /* AddViewController.swift */,
			);
			path = View;
			sourceTree = "<group>";
		};
		E750368A22D0D20700905A3B /* TabBar */ = {
			isa = PBXGroup;
			children = (
				E750368B22D0D26700905A3B /* TabBar.storyboard */,
			);
			path = TabBar;
			sourceTree = "<group>";
		};
		E7679C4822C7AD22000DF77B = {
			isa = PBXGroup;
			children = (
				E7679C5322C7AD22000DF77B /* ToDo-CleanArchitecture-RxSwift */,
				E7679C5222C7AD22000DF77B /* Products */,
			);
			sourceTree = "<group>";
		};
		E7679C5222C7AD22000DF77B /* Products */ = {
			isa = PBXGroup;
			children = (
				E7679C5122C7AD22000DF77B /* ToDo-CleanArchitecture-RxSwift.app */,
			);
			name = Products;
			sourceTree = "<group>";
		};
		E7679C5322C7AD22000DF77B /* ToDo-CleanArchitecture-RxSwift */ = {
			isa = PBXGroup;
			children = (
				E7679C5422C7AD22000DF77B /* AppDelegate.swift */,
				E750364222D0C9CD00905A3B /* Data */,
				E750364122D0C9C000905A3B /* Domain */,
				E750365022D0CBF200905A3B /* Entity */,
				E750365522D0CD0C00905A3B /* Error */,
				E750364022D0C9A600905A3B /* Presenter */,
				E750364322D0C9F700905A3B /* Resource */,
				E750364422D0CA5400905A3B /* Router */,
				E750365122D0CC1000905A3B /* Util */,
			);
			path = "ToDo-CleanArchitecture-RxSwift";
			sourceTree = "<group>";
		};
/* End PBXGroup section */

/* Begin PBXNativeTarget section */
		E7679C5022C7AD22000DF77B /* ToDo-CleanArchitecture-RxSwift */ = {
			isa = PBXNativeTarget;
			buildConfigurationList = E7679C6322C7AD23000DF77B /* Build configuration list for PBXNativeTarget "ToDo-CleanArchitecture-RxSwift" */;
			buildPhases = (
				E7679C4D22C7AD22000DF77B /* Sources */,
				E7679C4E22C7AD22000DF77B /* Frameworks */,
				E7679C4F22C7AD22000DF77B /* Resources */,
			);
			buildRules = (
			);
			dependencies = (
			);
			name = "ToDo-CleanArchitecture-RxSwift";
			productName = "ToDo-CleanArchitecture-RxSwift";
			productReference = E7679C5122C7AD22000DF77B /* ToDo-CleanArchitecture-RxSwift.app */;
			productType = "com.apple.product-type.application";
		};
/* End PBXNativeTarget section */

/* Begin PBXProject section */
		E7679C4922C7AD22000DF77B /* Project object */ = {
			isa = PBXProject;
			attributes = {
				LastSwiftUpdateCheck = 1020;
				LastUpgradeCheck = 1020;
				ORGANIZATIONNAME = "中村 洸貴";
				TargetAttributes = {
					E7679C5022C7AD22000DF77B = {
						CreatedOnToolsVersion = 10.2.1;
					};
				};
			};
			buildConfigurationList = E7679C4C22C7AD22000DF77B /* Build configuration list for PBXProject "ToDo-CleanArchitecture-RxSwift" */;
			compatibilityVersion = "Xcode 9.3";
			developmentRegion = en;
			hasScannedForEncodings = 0;
			knownRegions = (
				en,
				Base,
			);
			mainGroup = E7679C4822C7AD22000DF77B;
			productRefGroup = E7679C5222C7AD22000DF77B /* Products */;
			projectDirPath = "";
			projectRoot = "";
			targets = (
				E7679C5022C7AD22000DF77B /* ToDo-CleanArchitecture-RxSwift */,
			);
		};
/* End PBXProject section */

/* Begin PBXResourcesBuildPhase section */
		E7679C4F22C7AD22000DF77B /* Resources */ = {
			isa = PBXResourcesBuildPhase;
			buildActionMask = 2147483647;
			files = (
				E7679C5F22C7AD23000DF77B /* LaunchScreen.storyboard in Resources */,
				E750367322D0CF9100905A3B /* SignIn.storyboard in Resources */,
				E750367B22D0D02600905A3B /* SignUp.storyboard in Resources */,
				E750366322D0CE8700905A3B /* Add.storyboard in Resources */,
				E750368C22D0D26700905A3B /* TabBar.storyboard in Resources */,
				E750368322D0D13300905A3B /* ToDo.storyboard in Resources */,
				E7679C5C22C7AD23000DF77B /* Assets.xcassets in Resources */,
				E750366B22D0CF0A00905A3B /* MyPage.storyboard in Resources */,
			);
			runOnlyForDeploymentPostprocessing = 0;
		};
/* End PBXResourcesBuildPhase section */

/* Begin PBXSourcesBuildPhase section */
		E7679C4D22C7AD22000DF77B /* Sources */ = {
			isa = PBXSourcesBuildPhase;
			buildActionMask = 2147483647;
			files = (
				E750367D22D0D03E00905A3B /* SignUpViewController.swift in Sources */,
				E750367922D0D01400905A3B /* SignInViewModelType.swift in Sources */,
				E750366D22D0CF3100905A3B /* MyPageViewController.swift in Sources */,
				E750367122D0CF6300905A3B /* MyPageViewModelType.swift in Sources */,
				E750366922D0CEF500905A3B /* AddViewModelType.swift in Sources */,
				E750366722D0CEDF00905A3B /* AddViewModel.swift in Sources */,
				E750368922D0D16B00905A3B /* ToDoViewModelType.swift in Sources */,
				E750368522D0D14400905A3B /* ToDoViewController.swift in Sources */,
				E750367522D0CFA400905A3B /* SignInViewController.swift in Sources */,
				E750367722D0CFD500905A3B /* SignInViewModel.swift in Sources */,
				E750366522D0CEBE00905A3B /* AddViewController.swift in Sources */,
				E750368722D0D15700905A3B /* ToDoViewModel.swift in Sources */,
				E7679C5522C7AD22000DF77B /* AppDelegate.swift in Sources */,
				E750367F22D0D04F00905A3B /* SignUpViewModel.swift in Sources */,
				E750366F22D0CF5300905A3B /* MyPageViewModel.swift in Sources */,
				E750368122D0D06200905A3B /* SignUpViewModelType.swift in Sources */,
			);
			runOnlyForDeploymentPostprocessing = 0;
		};
/* End PBXSourcesBuildPhase section */

/* Begin PBXVariantGroup section */
		E7679C5D22C7AD23000DF77B /* LaunchScreen.storyboard */ = {
			isa = PBXVariantGroup;
			children = (
				E7679C5E22C7AD23000DF77B /* Base */,
			);
			name = LaunchScreen.storyboard;
			sourceTree = "<group>";
		};
/* End PBXVariantGroup section */

/* Begin XCBuildConfiguration section */
		E7679C6122C7AD23000DF77B /* Debug */ = {
			isa = XCBuildConfiguration;
			buildSettings = {
				ALWAYS_SEARCH_USER_PATHS = NO;
				CLANG_ANALYZER_NONNULL = YES;
				CLANG_ANALYZER_NUMBER_OBJECT_CONVERSION = YES_AGGRESSIVE;
				CLANG_CXX_LANGUAGE_STANDARD = "gnu++14";
				CLANG_CXX_LIBRARY = "libc++";
				CLANG_ENABLE_MODULES = YES;
				CLANG_ENABLE_OBJC_ARC = YES;
				CLANG_ENABLE_OBJC_WEAK = YES;
				CLANG_WARN_BLOCK_CAPTURE_AUTORELEASING = YES;
				CLANG_WARN_BOOL_CONVERSION = YES;
				CLANG_WARN_COMMA = YES;
				CLANG_WARN_CONSTANT_CONVERSION = YES;
				CLANG_WARN_DEPRECATED_OBJC_IMPLEMENTATIONS = YES;
				CLANG_WARN_DIRECT_OBJC_ISA_USAGE = YES_ERROR;
				CLANG_WARN_DOCUMENTATION_COMMENTS = YES;
				CLANG_WARN_EMPTY_BODY = YES;
				CLANG_WARN_ENUM_CONVERSION = YES;
				CLANG_WARN_INFINITE_RECURSION = YES;
				CLANG_WARN_INT_CONVERSION = YES;
				CLANG_WARN_NON_LITERAL_NULL_CONVERSION = YES;
				CLANG_WARN_OBJC_IMPLICIT_RETAIN_SELF = YES;
				CLANG_WARN_OBJC_LITERAL_CONVERSION = YES;
				CLANG_WARN_OBJC_ROOT_CLASS = YES_ERROR;
				CLANG_WARN_RANGE_LOOP_ANALYSIS = YES;
				CLANG_WARN_STRICT_PROTOTYPES = YES;
				CLANG_WARN_SUSPICIOUS_MOVE = YES;
				CLANG_WARN_UNGUARDED_AVAILABILITY = YES_AGGRESSIVE;
				CLANG_WARN_UNREACHABLE_CODE = YES;
				CLANG_WARN__DUPLICATE_METHOD_MATCH = YES;
				CODE_SIGN_IDENTITY = "iPhone Developer";
				COPY_PHASE_STRIP = NO;
				DEBUG_INFORMATION_FORMAT = dwarf;
				ENABLE_STRICT_OBJC_MSGSEND = YES;
				ENABLE_TESTABILITY = YES;
				GCC_C_LANGUAGE_STANDARD = gnu11;
				GCC_DYNAMIC_NO_PIC = NO;
				GCC_NO_COMMON_BLOCKS = YES;
				GCC_OPTIMIZATION_LEVEL = 0;
				GCC_PREPROCESSOR_DEFINITIONS = (
					"DEBUG=1",
					"$(inherited)",
				);
				GCC_WARN_64_TO_32_BIT_CONVERSION = YES;
				GCC_WARN_ABOUT_RETURN_TYPE = YES_ERROR;
				GCC_WARN_UNDECLARED_SELECTOR = YES;
				GCC_WARN_UNINITIALIZED_AUTOS = YES_AGGRESSIVE;
				GCC_WARN_UNUSED_FUNCTION = YES;
				GCC_WARN_UNUSED_VARIABLE = YES;
				IPHONEOS_DEPLOYMENT_TARGET = 12.2;
				MTL_ENABLE_DEBUG_INFO = INCLUDE_SOURCE;
				MTL_FAST_MATH = YES;
				ONLY_ACTIVE_ARCH = YES;
				SDKROOT = iphoneos;
				SWIFT_ACTIVE_COMPILATION_CONDITIONS = DEBUG;
				SWIFT_OPTIMIZATION_LEVEL = "-Onone";
			};
			name = Debug;
		};
		E7679C6222C7AD23000DF77B /* Release */ = {
			isa = XCBuildConfiguration;
			buildSettings = {
				ALWAYS_SEARCH_USER_PATHS = NO;
				CLANG_ANALYZER_NONNULL = YES;
				CLANG_ANALYZER_NUMBER_OBJECT_CONVERSION = YES_AGGRESSIVE;
				CLANG_CXX_LANGUAGE_STANDARD = "gnu++14";
				CLANG_CXX_LIBRARY = "libc++";
				CLANG_ENABLE_MODULES = YES;
				CLANG_ENABLE_OBJC_ARC = YES;
				CLANG_ENABLE_OBJC_WEAK = YES;
				CLANG_WARN_BLOCK_CAPTURE_AUTORELEASING = YES;
				CLANG_WARN_BOOL_CONVERSION = YES;
				CLANG_WARN_COMMA = YES;
				CLANG_WARN_CONSTANT_CONVERSION = YES;
				CLANG_WARN_DEPRECATED_OBJC_IMPLEMENTATIONS = YES;
				CLANG_WARN_DIRECT_OBJC_ISA_USAGE = YES_ERROR;
				CLANG_WARN_DOCUMENTATION_COMMENTS = YES;
				CLANG_WARN_EMPTY_BODY = YES;
				CLANG_WARN_ENUM_CONVERSION = YES;
				CLANG_WARN_INFINITE_RECURSION = YES;
				CLANG_WARN_INT_CONVERSION = YES;
				CLANG_WARN_NON_LITERAL_NULL_CONVERSION = YES;
				CLANG_WARN_OBJC_IMPLICIT_RETAIN_SELF = YES;
				CLANG_WARN_OBJC_LITERAL_CONVERSION = YES;
				CLANG_WARN_OBJC_ROOT_CLASS = YES_ERROR;
				CLANG_WARN_RANGE_LOOP_ANALYSIS = YES;
				CLANG_WARN_STRICT_PROTOTYPES = YES;
				CLANG_WARN_SUSPICIOUS_MOVE = YES;
				CLANG_WARN_UNGUARDED_AVAILABILITY = YES_AGGRESSIVE;
				CLANG_WARN_UNREACHABLE_CODE = YES;
				CLANG_WARN__DUPLICATE_METHOD_MATCH = YES;
				CODE_SIGN_IDENTITY = "iPhone Developer";
				COPY_PHASE_STRIP = NO;
				DEBUG_INFORMATION_FORMAT = "dwarf-with-dsym";
				ENABLE_NS_ASSERTIONS = NO;
				ENABLE_STRICT_OBJC_MSGSEND = YES;
				GCC_C_LANGUAGE_STANDARD = gnu11;
				GCC_NO_COMMON_BLOCKS = YES;
				GCC_WARN_64_TO_32_BIT_CONVERSION = YES;
				GCC_WARN_ABOUT_RETURN_TYPE = YES_ERROR;
				GCC_WARN_UNDECLARED_SELECTOR = YES;
				GCC_WARN_UNINITIALIZED_AUTOS = YES_AGGRESSIVE;
				GCC_WARN_UNUSED_FUNCTION = YES;
				GCC_WARN_UNUSED_VARIABLE = YES;
				IPHONEOS_DEPLOYMENT_TARGET = 12.2;
				MTL_ENABLE_DEBUG_INFO = NO;
				MTL_FAST_MATH = YES;
				SDKROOT = iphoneos;
				SWIFT_COMPILATION_MODE = wholemodule;
				SWIFT_OPTIMIZATION_LEVEL = "-O";
				VALIDATE_PRODUCT = YES;
			};
			name = Release;
		};
		E7679C6422C7AD23000DF77B /* Debug */ = {
			isa = XCBuildConfiguration;
			buildSettings = {
				ASSETCATALOG_COMPILER_APPICON_NAME = AppIcon;
				CODE_SIGN_STYLE = Automatic;
				DEVELOPMENT_TEAM = 4A88ZNXVFN;
				INFOPLIST_FILE = "ToDo-CleanArchitecture-RxSwift/Info.plist";
				LD_RUNPATH_SEARCH_PATHS = (
					"$(inherited)",
					"@executable_path/Frameworks",
				);
				PRODUCT_BUNDLE_IDENTIFIER = "Koki.ToDo-CleanArchitecture-RxSwift";
				PRODUCT_NAME = "$(TARGET_NAME)";
				SWIFT_VERSION = 5.0;
				TARGETED_DEVICE_FAMILY = "1,2";
			};
			name = Debug;
		};
		E7679C6522C7AD23000DF77B /* Release */ = {
			isa = XCBuildConfiguration;
			buildSettings = {
				ASSETCATALOG_COMPILER_APPICON_NAME = AppIcon;
				CODE_SIGN_STYLE = Automatic;
				DEVELOPMENT_TEAM = 4A88ZNXVFN;
				INFOPLIST_FILE = "ToDo-CleanArchitecture-RxSwift/Info.plist";
				LD_RUNPATH_SEARCH_PATHS = (
					"$(inherited)",
					"@executable_path/Frameworks",
				);
				PRODUCT_BUNDLE_IDENTIFIER = "Koki.ToDo-CleanArchitecture-RxSwift";
				PRODUCT_NAME = "$(TARGET_NAME)";
				SWIFT_VERSION = 5.0;
				TARGETED_DEVICE_FAMILY = "1,2";
			};
			name = Release;
		};
/* End XCBuildConfiguration section */

/* Begin XCConfigurationList section */
		E7679C4C22C7AD22000DF77B /* Build configuration list for PBXProject "ToDo-CleanArchitecture-RxSwift" */ = {
			isa = XCConfigurationList;
			buildConfigurations = (
				E7679C6122C7AD23000DF77B /* Debug */,
				E7679C6222C7AD23000DF77B /* Release */,
			);
			defaultConfigurationIsVisible = 0;
			defaultConfigurationName = Release;
		};
		E7679C6322C7AD23000DF77B /* Build configuration list for PBXNativeTarget "ToDo-CleanArchitecture-RxSwift" */ = {
			isa = XCConfigurationList;
			buildConfigurations = (
				E7679C6422C7AD23000DF77B /* Debug */,
				E7679C6522C7AD23000DF77B /* Release */,
			);
			defaultConfigurationIsVisible = 0;
			defaultConfigurationName = Release;
		};
/* End XCConfigurationList section */
	};
	rootObject = E7679C4922C7AD22000DF77B /* Project object */;
}
